#MicroXplorer Configuration settings - do not modify
ADC1.Channel=ADC_CHANNEL_15
ADC1.Channel-13\#ChannelRegularConversion=ADC_CHANNEL_7
ADC1.Channel-14\#ChannelRegularConversion=ADC_CHANNEL_TEMPSENSOR
ADC1.Channel-15\#ChannelRegularConversion=ADC_CHANNEL_15
ADC1.Channel-19\#ChannelInjectedConversion=ADC_CHANNEL_14
ADC1.Channel-2\#ChannelRegularConversion=ADC_CHANNEL_7
ADC1.DMAContinuousRequests=ENABLE
ADC1.DiscontinuousConvMode=ENABLE
ADC1.EOCSelection=EOC_SEQ_CONV
ADC1.ExternalTrigConv=ADC_EXTERNALTRIGCONV_T4_CC4
ADC1.ExternalTrigConvEdge=ADC_EXTERNALTRIGCONVEDGE_RISING
ADC1.ExternalTrigInjecConv=ADC_EXTERNALTRIGINJECCONV_T5_TRGO
ADC1.ExternalTrigInjecConvEdge=ADC_EXTERNALTRIGINJECCONVEDGE_RISING
ADC1.IPParameters=ExternalTrigInjecConv,ExternalTrigConv,SamplingTime-2\#ChannelRegularConversion,NbrOfDiscConversion,DiscontinuousConvMode,SamplingTime-15\#ChannelRegularConversion,Rank-14\#ChannelRegularConversion,Rank-15\#ChannelRegularConversion,ExternalTrigInjecConvEdge,NbrOfConversion,ScanConvMode,Channel,Channel-19\#ChannelInjectedConversion,DMAContinuousRequests,Channel-2\#ChannelRegularConversion,EOCSelection,ExternalTrigConvEdge,master,SamplingTime-14\#ChannelRegularConversion,Channel-15\#ChannelRegularConversion,Channel-14\#ChannelRegularConversion,SamplingTime-13\#ChannelRegularConversion,InjNumberOfConversion,Channel-13\#ChannelRegularConversion
ADC1.InjNumberOfConversion=1
ADC1.NbrOfConversion=3
ADC1.NbrOfDiscConversion=3
ADC1.Rank-14\#ChannelRegularConversion=2
ADC1.Rank-15\#ChannelRegularConversion=3
ADC1.SamplingTime-13\#ChannelRegularConversion=ADC_SAMPLETIME_28CYCLES
ADC1.SamplingTime-14\#ChannelRegularConversion=ADC_SAMPLETIME_28CYCLES
ADC1.SamplingTime-15\#ChannelRegularConversion=ADC_SAMPLETIME_28CYCLES
ADC1.SamplingTime-2\#ChannelRegularConversion=ADC_SAMPLETIME_28CYCLES
ADC1.ScanConvMode=ENABLE
ADC1.master=1
ADC2.Channel=ADC_CHANNEL_11
ADC2.Channel-10\#ChannelInjectedConversion=ADC_CHANNEL_4
ADC2.Channel-11\#ChannelInjectedConversion=ADC_CHANNEL_13
ADC2.Channel-4\#ChannelRegularConversion=ADC_CHANNEL_6
ADC2.Channel-8\#ChannelInjectedConversion=ADC_CHANNEL_4
ADC2.Channel-9\#ChannelInjectedConversion=ADC_CHANNEL_11
ADC2.ClockPrescaler=ADC_CLOCKPRESCALER_PCLK_DIV2
ADC2.ContinuousConvMode=DISABLE
ADC2.DMAContinuousRequests=DISABLE
ADC2.DataAlign=ADC_DATAALIGN_RIGHT
ADC2.DiscontinuousConvMode=DISABLE
ADC2.EOCSelection=EOC_SINGLE_CONV
ADC2.EnableAnalogWatchDog=false
ADC2.ExternalTrigConvEdge=ADC_EXTERNALTRIGCONVEDGE_NONE
ADC2.IPParameters=SamplingTime-11\#ChannelInjectedConversion,Rank-9\#ChannelInjectedConversion,Rank-11\#ChannelInjectedConversion,SamplingTime-10\#ChannelInjectedConversion,ScanConvMode,Channel,Channel-11\#ChannelInjectedConversion,SamplingTime-4\#ChannelRegularConversion,Channel-10\#ChannelInjectedConversion,Channel-8\#ChannelInjectedConversion,SamplingTime-9\#ChannelInjectedConversion,Channel-4\#ChannelRegularConversion,SamplingTime-8\#ChannelInjectedConversion,ClockPrescaler,Resolution,DataAlign,ContinuousConvMode,DiscontinuousConvMode,DMAContinuousRequests,EOCSelection,NbrOfConversion,ExternalTrigConvEdge,InjNumberOfConversion,EnableAnalogWatchDog,Rank-4\#ChannelRegularConversion,Rank-8\#ChannelInjectedConversion,InjectedOffset-8\#ChannelInjectedConversion,Channel-9\#ChannelInjectedConversion,InjectedOffset-9\#ChannelInjectedConversion,Rank-10\#ChannelInjectedConversion,InjectedOffset-10\#ChannelInjectedConversion,InjectedOffset-11\#ChannelInjectedConversion
ADC2.InjNumberOfConversion=0
ADC2.InjectedOffset-10\#ChannelInjectedConversion=0
ADC2.InjectedOffset-11\#ChannelInjectedConversion=0
ADC2.InjectedOffset-8\#ChannelInjectedConversion=0
ADC2.InjectedOffset-9\#ChannelInjectedConversion=0
ADC2.NbrOfConversion=1
ADC2.Rank-10\#ChannelInjectedConversion=1
ADC2.Rank-11\#ChannelInjectedConversion=2
ADC2.Rank-4\#ChannelRegularConversion=1
ADC2.Rank-8\#ChannelInjectedConversion=1
ADC2.Rank-9\#ChannelInjectedConversion=2
ADC2.Resolution=ADC_RESOLUTION12b
ADC2.SamplingTime-10\#ChannelInjectedConversion=ADC_SAMPLETIME_15CYCLES
ADC2.SamplingTime-11\#ChannelInjectedConversion=ADC_SAMPLETIME_15CYCLES
ADC2.SamplingTime-4\#ChannelRegularConversion=ADC_SAMPLETIME_144CYCLES
ADC2.SamplingTime-8\#ChannelInjectedConversion=ADC_SAMPLETIME_15CYCLES
ADC2.SamplingTime-9\#ChannelInjectedConversion=ADC_SAMPLETIME_15CYCLES
ADC2.ScanConvMode=ENABLE
ADC3.Channel=ADC_CHANNEL_10
ADC3.Channel-59\#ChannelRegularConversion=ADC_CHANNEL_3
ADC3.Channel-60\#ChannelRegularConversion=ADC_CHANNEL_1
ADC3.Channel-61\#ChannelRegularConversion=ADC_CHANNEL_10
ADC3.Channel-62\#ChannelInjectedConversion=ADC_CHANNEL_3
ADC3.Channel-63\#ChannelInjectedConversion=ADC_CHANNEL_1
ADC3.Channel-64\#ChannelInjectedConversion=ADC_CHANNEL_10
ADC3.ClockPrescaler=ADC_CLOCKPRESCALER_PCLK_DIV2
ADC3.ContinuousConvMode=DISABLE
ADC3.DMAContinuousRequests=DISABLE
ADC3.DataAlign=ADC_DATAALIGN_RIGHT
ADC3.DiscontinuousConvMode=DISABLE
ADC3.EOCSelection=EOC_SINGLE_CONV
ADC3.EnableAnalogWatchDog=false
ADC3.ExternalTrigConvEdge=ADC_EXTERNALTRIGCONVEDGE_NONE
ADC3.IPParameters=Rank-63\#ChannelInjectedConversion,SamplingTime-62\#ChannelInjectedConversion,Rank-61\#ChannelRegularConversion,NbrOfConversion,ScanConvMode,Channel-60\#ChannelRegularConversion,Channel-64\#ChannelInjectedConversion,Channel,Rank-60\#ChannelRegularConversion,SamplingTime-63\#ChannelInjectedConversion,Channel-63\#ChannelInjectedConversion,SamplingTime-60\#ChannelRegularConversion,Channel-62\#ChannelInjectedConversion,Channel-61\#ChannelRegularConversion,SamplingTime-61\#ChannelRegularConversion,SamplingTime-59\#ChannelRegularConversion,SamplingTime-64\#ChannelInjectedConversion,Rank-64\#ChannelInjectedConversion,Channel-59\#ChannelRegularConversion,ClockPrescaler,Resolution,DataAlign,ContinuousConvMode,DiscontinuousConvMode,DMAContinuousRequests,EOCSelection,ExternalTrigConvEdge,InjNumberOfConversion,EnableAnalogWatchDog,Rank-59\#ChannelRegularConversion,Rank-62\#ChannelInjectedConversion,InjectedOffset-62\#ChannelInjectedConversion,InjectedOffset-63\#ChannelInjectedConversion,InjectedOffset-64\#ChannelInjectedConversion
ADC3.InjNumberOfConversion=0
ADC3.InjectedOffset-62\#ChannelInjectedConversion=0
ADC3.InjectedOffset-63\#ChannelInjectedConversion=0
ADC3.InjectedOffset-64\#ChannelInjectedConversion=0
ADC3.NbrOfConversion=3
ADC3.Rank-59\#ChannelRegularConversion=1
ADC3.Rank-60\#ChannelRegularConversion=2
ADC3.Rank-61\#ChannelRegularConversion=3
ADC3.Rank-62\#ChannelInjectedConversion=1
ADC3.Rank-63\#ChannelInjectedConversion=2
ADC3.Rank-64\#ChannelInjectedConversion=3
ADC3.Resolution=ADC_RESOLUTION12b
ADC3.SamplingTime-59\#ChannelRegularConversion=ADC_SAMPLETIME_15CYCLES
ADC3.SamplingTime-60\#ChannelRegularConversion=ADC_SAMPLETIME_15CYCLES
ADC3.SamplingTime-61\#ChannelRegularConversion=ADC_SAMPLETIME_28CYCLES
ADC3.SamplingTime-62\#ChannelInjectedConversion=ADC_SAMPLETIME_15CYCLES
ADC3.SamplingTime-63\#ChannelInjectedConversion=ADC_SAMPLETIME_15CYCLES
ADC3.SamplingTime-64\#ChannelInjectedConversion=ADC_SAMPLETIME_15CYCLES
ADC3.ScanConvMode=ENABLE
Dma.ADC1.2.Channel=DMA_CHANNEL_0
Dma.ADC1.2.Direction=DMA_PERIPH_TO_MEMORY
Dma.ADC1.2.FIFOMode=DMA_FIFOMODE_DISABLE
Dma.ADC1.2.Instance=DMA2_Stream0
Dma.ADC1.2.MemDataAlignment=DMA_MDATAALIGN_HALFWORD
Dma.ADC1.2.MemInc=DMA_MINC_ENABLE
Dma.ADC1.2.Mode=DMA_CIRCULAR
Dma.ADC1.2.PeriphDataAlignment=DMA_PDATAALIGN_HALFWORD
Dma.ADC1.2.PeriphInc=DMA_PINC_DISABLE
Dma.ADC1.2.Priority=DMA_PRIORITY_LOW
Dma.ADC1.2.RequestParameters=Instance,Channel,Direction,PeriphInc,MemInc,PeriphDataAlignment,MemDataAlignment,Mode,Priority,FIFOMode
Dma.I2C1_RX.4.Channel=DMA_CHANNEL_1
Dma.I2C1_RX.4.Direction=DMA_PERIPH_TO_MEMORY
Dma.I2C1_RX.4.FIFOMode=DMA_FIFOMODE_DISABLE
Dma.I2C1_RX.4.Instance=DMA1_Stream5
Dma.I2C1_RX.4.MemDataAlignment=DMA_MDATAALIGN_BYTE
Dma.I2C1_RX.4.MemInc=DMA_MINC_ENABLE
Dma.I2C1_RX.4.Mode=DMA_NORMAL
Dma.I2C1_RX.4.PeriphDataAlignment=DMA_PDATAALIGN_BYTE
Dma.I2C1_RX.4.PeriphInc=DMA_PINC_DISABLE
Dma.I2C1_RX.4.Priority=DMA_PRIORITY_LOW
Dma.I2C1_RX.4.RequestParameters=Instance,Channel,Direction,PeriphInc,MemInc,PeriphDataAlignment,MemDataAlignment,Mode,Priority,FIFOMode
Dma.I2C1_TX.3.Channel=DMA_CHANNEL_1
Dma.I2C1_TX.3.Direction=DMA_MEMORY_TO_PERIPH
Dma.I2C1_TX.3.FIFOMode=DMA_FIFOMODE_DISABLE
Dma.I2C1_TX.3.Instance=DMA1_Stream6
Dma.I2C1_TX.3.MemDataAlignment=DMA_MDATAALIGN_BYTE
Dma.I2C1_TX.3.MemInc=DMA_MINC_ENABLE
Dma.I2C1_TX.3.Mode=DMA_NORMAL
Dma.I2C1_TX.3.PeriphDataAlignment=DMA_PDATAALIGN_BYTE
Dma.I2C1_TX.3.PeriphInc=DMA_PINC_DISABLE
Dma.I2C1_TX.3.Priority=DMA_PRIORITY_LOW
Dma.I2C1_TX.3.RequestParameters=Instance,Channel,Direction,PeriphInc,MemInc,PeriphDataAlignment,MemDataAlignment,Mode,Priority,FIFOMode
Dma.Request0=USART3_RX
Dma.Request1=USART3_TX
Dma.Request2=ADC1
Dma.Request3=I2C1_TX
Dma.Request4=I2C1_RX
Dma.RequestsNb=5
Dma.USART3_RX.0.Channel=DMA_CHANNEL_4
Dma.USART3_RX.0.Direction=DMA_PERIPH_TO_MEMORY
Dma.USART3_RX.0.FIFOMode=DMA_FIFOMODE_DISABLE
Dma.USART3_RX.0.Instance=DMA1_Stream1
Dma.USART3_RX.0.MemDataAlignment=DMA_MDATAALIGN_BYTE
Dma.USART3_RX.0.MemInc=DMA_MINC_ENABLE
Dma.USART3_RX.0.Mode=DMA_NORMAL
Dma.USART3_RX.0.PeriphDataAlignment=DMA_PDATAALIGN_BYTE
Dma.USART3_RX.0.PeriphInc=DMA_PINC_DISABLE
Dma.USART3_RX.0.Priority=DMA_PRIORITY_LOW
Dma.USART3_RX.0.RequestParameters=Instance,Channel,Direction,PeriphInc,MemInc,PeriphDataAlignment,MemDataAlignment,Mode,Priority,FIFOMode
Dma.USART3_TX.1.Channel=DMA_CHANNEL_4
Dma.USART3_TX.1.Direction=DMA_MEMORY_TO_PERIPH
Dma.USART3_TX.1.FIFOMode=DMA_FIFOMODE_ENABLE
Dma.USART3_TX.1.FIFOThreshold=DMA_FIFO_THRESHOLD_FULL
Dma.USART3_TX.1.Instance=DMA1_Stream3
Dma.USART3_TX.1.MemBurst=DMA_MBURST_SINGLE
Dma.USART3_TX.1.MemDataAlignment=DMA_MDATAALIGN_BYTE
Dma.USART3_TX.1.MemInc=DMA_MINC_ENABLE
Dma.USART3_TX.1.Mode=DMA_NORMAL
Dma.USART3_TX.1.PeriphBurst=DMA_PBURST_SINGLE
Dma.USART3_TX.1.PeriphDataAlignment=DMA_PDATAALIGN_BYTE
Dma.USART3_TX.1.PeriphInc=DMA_PINC_DISABLE
Dma.USART3_TX.1.Priority=DMA_PRIORITY_LOW
Dma.USART3_TX.1.RequestParameters=Instance,Channel,Direction,PeriphInc,MemInc,PeriphDataAlignment,MemDataAlignment,Mode,Priority,FIFOMode,FIFOThreshold,MemBurst,PeriphBurst
File.Version=6
I2C1.ClockSpeed=400000
I2C1.DualAddressMode=I2C_DUALADDRESS_DISABLED
I2C1.GeneralCallMode=I2C_GENERALCALL_ENABLED
I2C1.I2C_Mode=I2C_Fast
I2C1.IPParameters=ClockSpeed,GeneralCallMode,NoStretchMode,DualAddressMode,I2C_Mode
I2C1.NoStretchMode=I2C_NOSTRETCH_ENABLED
KeepUserPlacement=true
Mcu.Family=STM32F4
Mcu.IP0=ADC1
Mcu.IP1=ADC2
Mcu.IP10=TIM2
Mcu.IP11=TIM3
Mcu.IP12=TIM4
Mcu.IP13=TIM5
Mcu.IP14=TIM6
Mcu.IP15=TIM7
Mcu.IP16=TIM8
Mcu.IP17=TIM11
Mcu.IP18=USART3
Mcu.IP2=ADC3
Mcu.IP3=DMA
Mcu.IP4=I2C1
Mcu.IP5=NVIC
Mcu.IP6=RCC
Mcu.IP7=RNG
Mcu.IP8=SYS
Mcu.IP9=TIM1
Mcu.IPNb=19
Mcu.Name=STM32F405RGTx
Mcu.Package=LQFP64
Mcu.Pin0=PH0-OSC_IN
Mcu.Pin1=PH1-OSC_OUT
Mcu.Pin10=PA4
Mcu.Pin11=PA5
Mcu.Pin12=PA6
Mcu.Pin13=PA7
Mcu.Pin14=PC4
Mcu.Pin15=PC5
Mcu.Pin16=PB0
Mcu.Pin17=PB1
Mcu.Pin18=PB10
Mcu.Pin19=PB11
Mcu.Pin2=PC0
Mcu.Pin20=PC6
Mcu.Pin21=PC7
Mcu.Pin22=PC8
Mcu.Pin23=PC9
Mcu.Pin24=PA8
Mcu.Pin25=PA9
Mcu.Pin26=PA10
Mcu.Pin27=PA11
Mcu.Pin28=PA12
Mcu.Pin29=PA13
Mcu.Pin3=PC1
Mcu.Pin30=PA14
Mcu.Pin31=PA15
Mcu.Pin32=PC10
Mcu.Pin33=PC11
Mcu.Pin34=PB3
Mcu.Pin35=PB4
Mcu.Pin36=PB5
Mcu.Pin37=PB6
Mcu.Pin38=PB7
Mcu.Pin39=PB8
Mcu.Pin4=PC2
Mcu.Pin40=PB9
Mcu.Pin41=VP_ADC1_TempSens_Input
Mcu.Pin42=VP_RNG_VS_RNG
Mcu.Pin43=VP_SYS_VS_Systick
Mcu.Pin44=VP_TIM2_VS_ClockSourceINT
Mcu.Pin45=VP_TIM4_VS_ClockSourceINT
Mcu.Pin46=VP_TIM5_VS_ClockSourceINT
Mcu.Pin47=VP_TIM6_VS_ClockSourceINT
Mcu.Pin48=VP_TIM7_VS_ClockSourceINT
Mcu.Pin49=VP_TIM8_VS_ClockSourceINT
Mcu.Pin5=PC3
Mcu.Pin50=VP_TIM11_VS_ClockSourceINT
Mcu.Pin6=PA0-WKUP
Mcu.Pin7=PA1
Mcu.Pin8=PA2
Mcu.Pin9=PA3
Mcu.PinsNb=51
Mcu.UserConstants=
Mcu.UserName=STM32F405RGTx
MxCube.Version=4.13.0
MxDb.Version=DB.4.0.130
NVIC.ADC_IRQn=true\:0\:4\:true
NVIC.DMA1_Stream1_IRQn=true\:1\:1\:true
NVIC.DMA1_Stream3_IRQn=true\:1\:3\:true
NVIC.DMA1_Stream5_IRQn=true\:1\:3\:true
NVIC.DMA1_Stream6_IRQn=true\:1\:3\:true
NVIC.DMA2_Stream0_IRQn=true\:1\:3\:true
NVIC.PriorityGroup=NVIC_PRIORITYGROUP_1
NVIC.RCC_IRQn=true\:0\:0\:false
NVIC.SysTick_IRQn=true\:0\:0\:true
NVIC.TIM1_UP_TIM10_IRQn=true\:0\:2\:true
NVIC.TIM2_IRQn=true\:0\:4\:true
NVIC.TIM3_IRQn=true\:0\:2\:true
NVIC.TIM4_IRQn=true\:1\:2\:true
NVIC.TIM5_IRQn=true\:0\:1\:true
NVIC.TIM6_DAC_IRQn=true\:1\:0\:true
NVIC.TIM7_IRQn=true\:0\:3\:true
NVIC.USART3_IRQn=true\:0\:5\:true
PA0-WKUP.Locked=true
PA0-WKUP.Mode=SYS-WakeUp
PA0-WKUP.Signal=SYS_WKUP
PA1.GPIOParameters=GPIO_PuPd,GPIO_Label,GPIO_Mode
PA1.GPIO_Label=LINE_SENSOR_F
PA1.GPIO_Mode=GPIO_MODE_ANALOG
PA1.GPIO_PuPd=GPIO_NOPULL
PA1.Locked=true
PA1.Signal=ADCx_IN1
PA10.GPIOParameters=GPIO_PuPd,GPIO_Label,GPIO_Mode
PA10.GPIO_Label=MOTORS_FL
PA10.GPIO_Mode=GPIO_MODE_INPUT
PA10.GPIO_PuPd=GPIO_NOPULL
PA10.Locked=true
PA10.Signal=GPIO_Input
PA11.GPIOParameters=GPIO_Speed,GPIO_PuPd,GPIO_Label,GPIO_ModeDefaultOutputPP
PA11.GPIO_Label=MOTORS_SLEEP
PA11.GPIO_ModeDefaultOutputPP=GPIO_MODE_OUTPUT_PP
PA11.GPIO_PuPd=GPIO_NOPULL
PA11.GPIO_Speed=GPIO_SPEED_LOW
PA11.Locked=true
PA11.Signal=GPIO_Output
PA12.GPIOParameters=GPIO_PuPd,GPIO_Label,GPIO_Mode
PA12.GPIO_Label=GPIO_BASE
PA12.GPIO_Mode=GPIO_MODE_INPUT
PA12.GPIO_PuPd=GPIO_PULLUP
PA12.Locked=true
PA12.Signal=GPIO_Input
PA13.Locked=true
PA13.Mode=Serial-Wire
PA13.Signal=SYS_JTMS-SWDIO
PA14.Locked=true
PA14.Mode=Serial-Wire
PA14.Signal=SYS_JTCK-SWCLK
PA15.GPIOParameters=GPIO_Speed,GPIO_PuPd,GPIO_Label,GPIO_ModeDefaultOutputPP,GPIO_Mode
PA15.GPIO_Label=PW_LED
PA15.GPIO_Mode=GPIO_MODE_OUTPUT_PP
PA15.GPIO_ModeDefaultOutputPP=GPIO_MODE_OUTPUT_PP
PA15.GPIO_PuPd=GPIO_NOPULL
PA15.GPIO_Speed=GPIO_SPEED_LOW
PA15.Locked=true
PA15.Signal=GPIO_Output
PA2.GPIOParameters=GPIO_Speed,GPIO_PuPd,GPIO_Label,GPIO_ModeDefaultOutputPP
PA2.GPIO_Label=EN_LINE_SENSORS
PA2.GPIO_ModeDefaultOutputPP=GPIO_MODE_OUTPUT_PP
PA2.GPIO_PuPd=GPIO_NOPULL
PA2.GPIO_Speed=GPIO_SPEED_LOW
PA2.Locked=true
PA2.Signal=GPIO_Output
PA3.GPIOParameters=GPIO_PuPd,GPIO_Label,GPIO_Mode
PA3.GPIO_Label=LINE_SENSOR_L2
PA3.GPIO_Mode=GPIO_MODE_ANALOG
PA3.GPIO_PuPd=GPIO_NOPULL
PA3.Locked=true
PA3.Signal=ADCx_IN3
PA4.GPIOParameters=GPIO_PuPd,GPIO_Label,GPIO_Mode
PA4.GPIO_Label=LINE_SENSOR_L1
PA4.GPIO_Mode=GPIO_MODE_ANALOG
PA4.GPIO_PuPd=GPIO_NOPULL
PA4.Locked=true
PA4.Signal=ADCx_IN4
PA5.GPIOParameters=GPIO_PuPd,GPIO_Label,GPIO_Mode
PA5.GPIO_Label=L_DIAG_RX
PA5.GPIO_Mode=GPIO_MODE_ANALOG
PA5.GPIO_PuPd=GPIO_NOPULL
PA5.Locked=true
PA5.Signal=ADCx_IN5
PA6.GPIOParameters=GPIO_PuPd,GPIO_Label,GPIO_Mode
PA6.GPIO_Label=L_FRONT_RX
PA6.GPIO_Mode=GPIO_MODE_ANALOG
PA6.GPIO_PuPd=GPIO_NOPULL
PA6.Locked=true
PA6.Signal=ADCx_IN6
PA7.GPIOParameters=GPIO_PuPd,GPIO_Label,GPIO_Mode
PA7.GPIO_Label=GYRO_TEMP
PA7.GPIO_Mode=GPIO_MODE_ANALOG
PA7.GPIO_PuPd=GPIO_NOPULL
PA7.Locked=true
PA7.Signal=ADCx_IN7
PA8.GPIOParameters=GPIO_ModeDefaultPP,GPIO_Speed,GPIO_PuPd,GPIO_Label
PA8.GPIO_Label=L_ENCODER_A
PA8.GPIO_ModeDefaultPP=GPIO_MODE_AF_PP
PA8.GPIO_PuPd=GPIO_NOPULL
PA8.GPIO_Speed=GPIO_SPEED_HIGH
PA8.Locked=true
PA8.Signal=S_TIM1_CH1
PA9.GPIOParameters=GPIO_ModeDefaultPP,GPIO_Speed,GPIO_PuPd,GPIO_Label
PA9.GPIO_Label=L_ENCODER_B
PA9.GPIO_ModeDefaultPP=GPIO_MODE_AF_PP
PA9.GPIO_PuPd=GPIO_NOPULL
PA9.GPIO_Speed=GPIO_SPEED_HIGH
PA9.Locked=true
PA9.Signal=S_TIM1_CH2
PB0.GPIOParameters=GPIO_Speed,GPIO_PuPd,GPIO_Label,GPIO_ModeDefaultOutputPP
PB0.GPIO_Label=GET_ADC_BAT
PB0.GPIO_ModeDefaultOutputPP=GPIO_MODE_OUTPUT_PP
PB0.GPIO_PuPd=GPIO_NOPULL
PB0.GPIO_Speed=GPIO_SPEED_LOW
PB0.Locked=true
PB0.Signal=GPIO_Output
PB1.GPIOParameters=GPIO_Speed,GPIO_PuPd,GPIO_Label,GPIO_ModeDefaultOutputPP
PB1.GPIO_Label=L_FRONT_TX
PB1.GPIO_ModeDefaultOutputPP=GPIO_MODE_OUTPUT_PP
PB1.GPIO_PuPd=GPIO_NOPULL
PB1.GPIO_Speed=GPIO_SPEED_HIGH
PB1.Locked=true
PB1.Signal=GPIO_Output
PB10.GPIOParameters=GPIO_Speed,GPIO_PuPd,GPIO_Label,GPIO_ModeDefaultOutputPP
PB10.GPIO_Label=R_FRONT_TX
PB10.GPIO_ModeDefaultOutputPP=GPIO_MODE_OUTPUT_PP
PB10.GPIO_PuPd=GPIO_NOPULL
PB10.GPIO_Speed=GPIO_SPEED_HIGH
PB10.Locked=true
PB10.Signal=GPIO_Output
PB11.GPIOParameters=GPIO_Speed,GPIO_PuPd,GPIO_Label,GPIO_ModeDefaultOutputPP
PB11.GPIO_Label=DIAG_TX
PB11.GPIO_ModeDefaultOutputPP=GPIO_MODE_OUTPUT_PP
PB11.GPIO_PuPd=GPIO_NOPULL
PB11.GPIO_Speed=GPIO_SPEED_HIGH
PB11.Locked=true
PB11.Signal=GPIO_Output
PB3.GPIOParameters=GPIO_Speed,GPIO_PuPd,GPIO_Label,GPIO_ModeDefaultOutputPP
PB3.GPIO_Label=WP_EEPROM
PB3.GPIO_ModeDefaultOutputPP=GPIO_MODE_OUTPUT_PP
PB3.GPIO_PuPd=GPIO_NOPULL
PB3.GPIO_Speed=GPIO_SPEED_LOW
PB3.Locked=true
PB3.Signal=GPIO_Output
PB4.GPIOParameters=GPIO_ModeDefaultPP,GPIO_Speed,GPIO_PuPd,GPIO_Label
PB4.GPIO_Label=R_ENCODER_A
PB4.GPIO_ModeDefaultPP=GPIO_MODE_AF_PP
PB4.GPIO_PuPd=GPIO_NOPULL
PB4.GPIO_Speed=GPIO_SPEED_HIGH
PB4.Locked=true
PB4.Signal=S_TIM3_CH1
PB5.GPIOParameters=GPIO_ModeDefaultPP,GPIO_Speed,GPIO_PuPd,GPIO_Label
PB5.GPIO_Label=R_ENCODER_B
PB5.GPIO_ModeDefaultPP=GPIO_MODE_AF_PP
PB5.GPIO_PuPd=GPIO_NOPULL
PB5.GPIO_Speed=GPIO_SPEED_HIGH
PB5.Locked=true
PB5.Signal=S_TIM3_CH2
PB6.GPIOParameters=GPIO_Speed,GPIO_PuPdOD,GPIO_PuPd,GPIO_Mode
PB6.GPIO_Mode=GPIO_MODE_AF_OD
PB6.GPIO_PuPd=GPIO_NOPULL
PB6.GPIO_PuPdOD=GPIO_PULLUP
PB6.GPIO_Speed=GPIO_SPEED_FAST
PB6.Locked=true
PB6.Mode=I2C
PB6.Signal=I2C1_SCL
PB7.GPIOParameters=GPIO_Speed,GPIO_PuPdOD,GPIO_PuPd,GPIO_Mode
PB7.GPIO_Mode=GPIO_MODE_AF_OD
PB7.GPIO_PuPd=GPIO_NOPULL
PB7.GPIO_PuPdOD=GPIO_PULLUP
PB7.GPIO_Speed=GPIO_SPEED_FAST
PB7.Locked=true
PB7.Mode=I2C
PB7.Signal=I2C1_SDA
PB8.GPIOParameters=GPIO_PuPd,GPIO_Label,GPIO_Mode
PB8.GPIO_Label=PW_KILL
PB8.GPIO_Mode=GPIO_MODE_INPUT
PB8.GPIO_PuPd=GPIO_PULLUP
PB8.Locked=true
PB8.Signal=GPIO_Input
PB9.GPIOParameters=GPIO_Label
PB9.GPIO_Label=BUZZER
PB9.Locked=true
PB9.Signal=S_TIM11_CH1
PC0.Locked=true
PC0.Signal=ADCx_IN10
PC1.GPIOParameters=GPIO_PuPd,GPIO_Label,GPIO_Mode
PC1.GPIO_Label=R_FRONT_RX
PC1.GPIO_Mode=GPIO_MODE_ANALOG
PC1.GPIO_PuPd=GPIO_NOPULL
PC1.Locked=true
PC1.Signal=ADCx_IN11
PC10.Locked=true
PC10.Mode=Asynchronous
PC10.Signal=USART3_TX
PC11.Locked=true
PC11.Mode=Asynchronous
PC11.Signal=USART3_RX
PC2.GPIOParameters=GPIO_PuPd,GPIO_Label,GPIO_Mode
PC2.GPIO_Label=LINE_SENSOR_R2
PC2.GPIO_Mode=GPIO_MODE_ANALOG
PC2.GPIO_PuPd=GPIO_NOPULL
PC2.Locked=true
PC2.Signal=ADCx_IN12
PC3.GPIOParameters=GPIO_PuPd,GPIO_Label,GPIO_Mode
PC3.GPIO_Label=LINE_SENSOR_R1
PC3.GPIO_Mode=GPIO_MODE_ANALOG
PC3.GPIO_PuPd=GPIO_NOPULL
PC3.Locked=true
PC3.Signal=ADCx_IN13
PC4.GPIOParameters=GPIO_PuPd,GPIO_Label,GPIO_Mode
PC4.GPIO_Label=GYRO_RATE
PC4.GPIO_Mode=GPIO_MODE_ANALOG
PC4.GPIO_PuPd=GPIO_NOPULL
PC4.Locked=true
PC4.Signal=ADCx_IN14
PC5.GPIOParameters=GPIO_PuPd,GPIO_Label,GPIO_Mode
PC5.GPIO_Label=VBAT
PC5.GPIO_Mode=GPIO_MODE_ANALOG
PC5.GPIO_PuPd=GPIO_NOPULL
PC5.Locked=true
PC5.Signal=ADCx_IN15
PC6.GPIOParameters=GPIO_ModeDefaultPP,GPIO_Speed,GPIO_PuPd,GPIO_Label
PC6.GPIO_Label=L_MOTOR_IN1
PC6.GPIO_ModeDefaultPP=GPIO_MODE_AF_PP
PC6.GPIO_PuPd=GPIO_NOPULL
PC6.GPIO_Speed=GPIO_SPEED_FAST
PC6.Locked=true
PC6.Signal=S_TIM8_CH1
PC7.GPIOParameters=GPIO_ModeDefaultPP,GPIO_Speed,GPIO_PuPd,GPIO_Label
PC7.GPIO_Label=L_MOTOR_IN2
PC7.GPIO_ModeDefaultPP=GPIO_MODE_AF_PP
PC7.GPIO_PuPd=GPIO_NOPULL
PC7.GPIO_Speed=GPIO_SPEED_LOW
PC7.Locked=true
PC7.Signal=S_TIM8_CH2
PC8.GPIOParameters=GPIO_ModeDefaultPP,GPIO_Speed,GPIO_PuPd,GPIO_Label
PC8.GPIO_Label=R_MOTOR-IN1
PC8.GPIO_ModeDefaultPP=GPIO_MODE_AF_PP
PC8.GPIO_PuPd=GPIO_NOPULL
PC8.GPIO_Speed=GPIO_SPEED_LOW
PC8.Locked=true
PC8.Signal=S_TIM8_CH3
PC9.GPIOParameters=GPIO_ModeDefaultPP,GPIO_Speed,GPIO_PuPd,GPIO_Label
PC9.GPIO_Label=R_MOTOR_IN2
PC9.GPIO_ModeDefaultPP=GPIO_MODE_AF_PP
PC9.GPIO_PuPd=GPIO_NOPULL
PC9.GPIO_Speed=GPIO_SPEED_FAST
PC9.Locked=true
PC9.Signal=S_TIM8_CH4
PCC.Checker=false
PCC.Line=STM32F405/415
PCC.MCU=STM32F405RGTx
PCC.MXVersion=4.13.0
PCC.PartNumber=STM32F405RGTx
PCC.Seq0=0
PCC.Series=STM32F4
PCC.Temperature=25
PCC.Vdd=3.3
PH0-OSC_IN.Locked=true
PH0-OSC_IN.Mode=HSE-External-Oscillator
PH0-OSC_IN.Signal=RCC_OSC_IN
PH1-OSC_OUT.Locked=true
PH1-OSC_OUT.Mode=HSE-External-Oscillator
PH1-OSC_OUT.Signal=RCC_OSC_OUT
ProjectManager.AskForMigrate=true
ProjectManager.BackupPrevious=false
ProjectManager.CompilerOptimize=2
ProjectManager.ComputerToolchain=false
ProjectManager.CoupleFile=true
ProjectManager.DeletePrevious=true
ProjectManager.DeviceId=STM32F405RGTx
ProjectManager.FirmwarePackage=STM32Cube FW_F4 V1.11.0
ProjectManager.FreePins=true
ProjectManager.HalAssertFull=false
ProjectManager.HeapSize=0x400
ProjectManager.KeepUserCode=true
ProjectManager.LastFirmware=true
ProjectManager.LibraryCopy=1
ProjectManager.ProjectBuild=false
ProjectManager.ProjectFileName=ZHONX_III.ioc
ProjectManager.ProjectName=ZHONX_III
ProjectManager.StackSize=0x200
ProjectManager.TargetToolchain=SW4STM32
ProjectManager.ToolChainLocation=
ProjectManager.functionlistsort=1-MX_GPIO_Init-GPIO-false,2-MX_DMA_Init-DMA-false,3-MX_ADC1_Init-ADC1-false,4-MX_ADC2_Init-ADC2-false,5-MX_ADC3_Init-ADC3-false,6-MX_I2C1_Init-I2C1-false,7-MX_RNG_Init-RNG-false,8-MX_TIM1_Init-TIM1-false,9-MX_TIM2_Init-TIM2-false,10-MX_TIM3_Init-TIM3-false,11-MX_TIM4_Init-TIM4-false,12-MX_TIM5_Init-TIM5-false,13-MX_TIM6_Init-TIM6-false,14-MX_TIM7_Init-TIM7-false,15-MX_TIM8_Init-TIM8-false,16-MX_TIM11_Init-TIM11-false,17-MX_USART3_UART_Init-USART3-false
RCC.48MHZClocksFreq_Value=48000000
RCC.AHBFreq_Value=168000000
RCC.APB1CLKDivider=RCC_HCLK_DIV4
RCC.APB1Freq_Value=42000000
RCC.APB1TimFreq_Value=84000000
RCC.APB2CLKDivider=RCC_HCLK_DIV4
RCC.APB2Freq_Value=42000000
RCC.APB2TimFreq_Value=84000000
RCC.CortexFreq_Value=168000000
RCC.DATA_CACHE_ENABLE=1
RCC.EthernetFreq_Value=168000000
RCC.FCLKCortexFreq_Value=168000000
RCC.FamilyName=M
RCC.HCLKFreq_Value=168000000
RCC.HSE_VALUE=16000000
RCC.HSI_VALUE=16000000
RCC.I2SClocksFreq_Value=96000000
RCC.IPParameters=HCLKFreq_Value,SYSCLKFreq_VALUE,I2SClocksFreq_Value,FamilyName,PLLCLKFreq_Value,APB2CLKDivider,RTCHSEDivFreq_Value,PWR_Regulator_Voltage_Scale,LSE_VALUE,RTCFreq_Value,SYSCLKSource,MCO2PinFreq_Value,CortexFreq_Value,DATA_CACHE_ENABLE,APB1CLKDivider,FCLKCortexFreq_Value,PLLSourceVirtual,APB2Freq_Value,VCOI2SOutputFreq_Value,PLLN,APB2TimFreq_Value,HSE_VALUE,HSI_VALUE,PLLQ,VcooutputI2S,APB1TimFreq_Value,APB1Freq_Value,48MHZClocksFreq_Value,VDD_VALUE,LSI_VALUE,AHBFreq_Value,VCOInputFreq_Value,EthernetFreq_Value,VCOOutputFreq_Value,PLLQCLKFreq_Value
RCC.LSE_VALUE=32768
RCC.LSI_VALUE=32000
RCC.MCO2PinFreq_Value=168000000
RCC.PLLCLKFreq_Value=168000000
RCC.PLLN=336
RCC.PLLQ=7
RCC.PLLQCLKFreq_Value=48000000
RCC.PLLSourceVirtual=RCC_PLLSOURCE_HSE
RCC.PWR_Regulator_Voltage_Scale=PWR_REGULATOR_VOLTAGE_SCALE1
RCC.RTCFreq_Value=32000
RCC.RTCHSEDivFreq_Value=8000000
RCC.SYSCLKFreq_VALUE=168000000
RCC.SYSCLKSource=RCC_SYSCLKSOURCE_PLLCLK
RCC.VCOI2SOutputFreq_Value=192000000
RCC.VCOInputFreq_Value=1000000
RCC.VCOOutputFreq_Value=336000000
RCC.VDD_VALUE=3.3
RCC.VcooutputI2S=96000000
SH.ADCx_IN1.0=ADC3_IN1,IN1
SH.ADCx_IN1.ConfNb=1
SH.ADCx_IN10.0=ADC2_IN10,IN10
SH.ADCx_IN10.1=ADC3_IN10,IN10
SH.ADCx_IN10.ConfNb=2
SH.ADCx_IN11.0=ADC2_IN11,IN11
SH.ADCx_IN11.ConfNb=1
SH.ADCx_IN12.0=ADC3_IN12,IN12
SH.ADCx_IN12.ConfNb=1
SH.ADCx_IN13.0=ADC2_IN13,IN13
SH.ADCx_IN13.ConfNb=1
SH.ADCx_IN14.0=ADC1_IN14,IN14
SH.ADCx_IN14.ConfNb=1
SH.ADCx_IN15.0=ADC1_IN15,IN15
SH.ADCx_IN15.ConfNb=1
SH.ADCx_IN3.0=ADC3_IN3,IN3
SH.ADCx_IN3.ConfNb=1
SH.ADCx_IN4.0=ADC2_IN4,IN4
SH.ADCx_IN4.ConfNb=1
SH.ADCx_IN5.0=ADC2_IN5,IN5
SH.ADCx_IN5.ConfNb=1
SH.ADCx_IN6.0=ADC2_IN6,IN6
SH.ADCx_IN6.ConfNb=1
SH.ADCx_IN7.0=ADC1_IN7,IN7
SH.ADCx_IN7.ConfNb=1
SH.S_TIM11_CH1.0=TIM11_CH1,PWM Generation1 CH1
SH.S_TIM11_CH1.ConfNb=1
SH.S_TIM1_CH1.0=TIM1_CH1,Encoder_Interface
SH.S_TIM1_CH1.ConfNb=1
SH.S_TIM1_CH2.0=TIM1_CH2,Encoder_Interface
SH.S_TIM1_CH2.ConfNb=1
SH.S_TIM3_CH1.0=TIM3_CH1,Encoder_Interface
SH.S_TIM3_CH1.ConfNb=1
SH.S_TIM3_CH2.0=TIM3_CH2,Encoder_Interface
SH.S_TIM3_CH2.ConfNb=1
SH.S_TIM8_CH1.0=TIM8_CH1,PWM Generation1 CH1
SH.S_TIM8_CH1.ConfNb=1
SH.S_TIM8_CH2.0=TIM8_CH2,PWM Generation2 CH2
SH.S_TIM8_CH2.ConfNb=1
SH.S_TIM8_CH3.0=TIM8_CH3,Output Compare3 CH3
SH.S_TIM8_CH3.ConfNb=1
SH.S_TIM8_CH4.0=TIM8_CH4,PWM Generation4 CH4
SH.S_TIM8_CH4.ConfNb=1
TIM1.ClockDivision=TIM_CLOCKDIVISION_DIV1
TIM1.EncoderMode=TIM_ENCODERMODE_TI12
TIM1.IC1Filter=8
TIM1.IC1Filter-Encoder_Interface=3
TIM1.IC1Prescaler=TIM_ICPSC_DIV4
TIM1.IC1Prescaler-Encoder_Interface=TIM_ICPSC_DIV8
TIM1.IC2Filter=8
TIM1.IC2Prescaler=TIM_ICPSC_DIV4
TIM1.IPParameters=IC2Filter,EncoderMode,Period,IC1Filter-Encoder_Interface,IC2Prescaler,ClockDivision,IC1Prescaler-Encoder_Interface,IC1Prescaler,IC1Filter
TIM1.Period=2047
TIM11.IPParameters=Pulse-PWM Generation1 CH1,Period,Prescaler,OCPolarity_1-PWM Generation1 CH1
TIM11.OCPolarity_1-PWM\ Generation1\ CH1=TIM_OCPOLARITY_LOW
TIM11.Period=100
TIM11.Prescaler=10000
TIM11.Pulse-PWM\ Generation1\ CH1=50
TIM3.EncoderMode=TIM_ENCODERMODE_TI12
TIM3.IC1Filter=8
TIM3.IC1Filter-Encoder_Interface=3
TIM3.IC1Prescaler=TIM_ICPSC_DIV4
TIM3.IC1Prescaler-Encoder_Interface=TIM_ICPSC_DIV8
TIM3.IC2Filter=8
TIM3.IC2Prescaler=TIM_ICPSC_DIV4
TIM3.IPParameters=IC2Filter,EncoderMode,Period,IC1Filter-Encoder_Interface,IC2Prescaler,IC1Prescaler-Encoder_Interface,IC1Prescaler,IC1Filter
TIM3.Period=2047
TIM4.IPParameters=Period,Prescaler
TIM4.Period=10
TIM4.Prescaler=1800
TIM6.IPParameters=Period,Prescaler
TIM6.Period=10
TIM6.Prescaler=60000
TIM7.IPParameters=Period,Prescaler
TIM7.Period=10
TIM7.Prescaler=60000
TIM8.BreakPolarity=TIM_BREAKPOLARITY_LOW
TIM8.Channel-Output\ Compare3\ CH3=TIM_CHANNEL_3
TIM8.Channel-PWM\ Generation2\ CH2=TIM_CHANNEL_2
TIM8.Channel-PWM\ Generation4\ CH4=TIM_CHANNEL_4
TIM8.ClockDivision=TIM_CLOCKDIVISION_DIV1
TIM8.IPParameters=Period,Prescaler,Channel-Output Compare3 CH3,OCFastMode_PWM-PWM Generation4 CH4,Channel-PWM Generation4 CH4,BreakPolarity,OCPolarity_4-PWM Generation4 CH4,Pulse-PWM Generation4 CH4,Channel-PWM Generation2 CH2,ClockDivision,OCIdleState_4-PWM Generation4 CH4
TIM8.OCFastMode_PWM-PWM\ Generation4\ CH4=TIM_OCFAST_ENABLE
TIM8.OCIdleState_4-PWM\ Generation4\ CH4=TIM_OCIDLESTATE_SET
TIM8.OCPolarity_4-PWM\ Generation4\ CH4=TIM_OCPOLARITY_LOW
TIM8.Period=1000
TIM8.Prescaler=4
TIM8.Pulse-PWM\ Generation4\ CH4=500
VP_ADC1_TempSens_Input.Mode=IN-TempSens
VP_ADC1_TempSens_Input.Signal=ADC1_TempSens_Input
VP_RNG_VS_RNG.Mode=RNG_Activate
VP_RNG_VS_RNG.Signal=RNG_VS_RNG
VP_SYS_VS_Systick.Mode=SysTick
VP_SYS_VS_Systick.Signal=SYS_VS_Systick
VP_TIM11_VS_ClockSourceINT.Mode=Enable_Timer
VP_TIM11_VS_ClockSourceINT.Signal=TIM11_VS_ClockSourceINT
VP_TIM2_VS_ClockSourceINT.Mode=Internal
VP_TIM2_VS_ClockSourceINT.Signal=TIM2_VS_ClockSourceINT
VP_TIM4_VS_ClockSourceINT.Mode=Internal
VP_TIM4_VS_ClockSourceINT.Signal=TIM4_VS_ClockSourceINT
VP_TIM5_VS_ClockSourceINT.Mode=Internal
VP_TIM5_VS_ClockSourceINT.Signal=TIM5_VS_ClockSourceINT
VP_TIM6_VS_ClockSourceINT.Mode=Enable_Timer
VP_TIM6_VS_ClockSourceINT.Signal=TIM6_VS_ClockSourceINT
VP_TIM7_VS_ClockSourceINT.Mode=Enable_Timer
VP_TIM7_VS_ClockSourceINT.Signal=TIM7_VS_ClockSourceINT
VP_TIM8_VS_ClockSourceINT.Mode=Internal
VP_TIM8_VS_ClockSourceINT.Signal=TIM8_VS_ClockSourceINT
board=ZHONX_III
